// !$*UTF8*$!
{
	archiveVersion = 1;
	classes = {
	};
	objectVersion = 56;
	objects = {

/* Begin PBXBuildFile section */
		33073C1829DC237C0004A4EE /* AppDelegate.swift in Sources */ = {isa = PBXBuildFile; fileRef = 33073C1729DC237C0004A4EE /* AppDelegate.swift */; };
		33073C1A29DC237C0004A4EE /* SceneDelegate.swift in Sources */ = {isa = PBXBuildFile; fileRef = 33073C1929DC237C0004A4EE /* SceneDelegate.swift */; };
		33073C1C29DC237C0004A4EE /* ViewController.swift in Sources */ = {isa = PBXBuildFile; fileRef = 33073C1B29DC237C0004A4EE /* ViewController.swift */; };
		33073C1F29DC237C0004A4EE /* Main.storyboard in Resources */ = {isa = PBXBuildFile; fileRef = 33073C1D29DC237C0004A4EE /* Main.storyboard */; };
		33073C2129DC237D0004A4EE /* Assets.xcassets in Resources */ = {isa = PBXBuildFile; fileRef = 33073C2029DC237D0004A4EE /* Assets.xcassets */; };
		33073C2429DC237D0004A4EE /* LaunchScreen.storyboard in Resources */ = {isa = PBXBuildFile; fileRef = 33073C2229DC237D0004A4EE /* LaunchScreen.storyboard */; };
		33073C2F29DC237E0004A4EE /* ClockAppSBTests.swift in Sources */ = {isa = PBXBuildFile; fileRef = 33073C2E29DC237E0004A4EE /* ClockAppSBTests.swift */; };
		33073C3929DC237E0004A4EE /* ClockAppSBUITests.swift in Sources */ = {isa = PBXBuildFile; fileRef = 33073C3829DC237E0004A4EE /* ClockAppSBUITests.swift */; };
		33073C3B29DC237E0004A4EE /* ClockAppSBUITestsLaunchTests.swift in Sources */ = {isa = PBXBuildFile; fileRef = 33073C3A29DC237E0004A4EE /* ClockAppSBUITestsLaunchTests.swift */; };
/* End PBXBuildFile section */

/* Begin PBXContainerItemProxy section */
		33073C2B29DC237E0004A4EE /* PBXContainerItemProxy */ = {
			isa = PBXContainerItemProxy;
			containerPortal = 33073C0C29DC237B0004A4EE /* Project object */;
			proxyType = 1;
			remoteGlobalIDString = 33073C1329DC237C0004A4EE;
			remoteInfo = ClockAppSB;
		};
		33073C3529DC237E0004A4EE /* PBXContainerItemProxy */ = {
			isa = PBXContainerItemProxy;
			containerPortal = 33073C0C29DC237B0004A4EE /* Project object */;
			proxyType = 1;
			remoteGlobalIDString = 33073C1329DC237C0004A4EE;
			remoteInfo = ClockAppSB;
		};
/* End PBXContainerItemProxy section */

/* Begin PBXFileReference section */
		33073C1429DC237C0004A4EE /* ClockAppSB.app */ = {isa = PBXFileReference; explicitFileType = wrapper.application; includeInIndex = 0; path = ClockAppSB.app; sourceTree = BUILT_PRODUCTS_DIR; };
		33073C1729DC237C0004A4EE /* AppDelegate.swift */ = {isa = PBXFileReference; lastKnownFileType = sourcecode.swift; path = AppDelegate.swift; sourceTree = "<group>"; };
		33073C1929DC237C0004A4EE /* SceneDelegate.swift */ = {isa = PBXFileReference; lastKnownFileType = sourcecode.swift; path = SceneDelegate.swift; sourceTree = "<group>"; };
		33073C1B29DC237C0004A4EE /* ViewController.swift */ = {isa = PBXFileReference; lastKnownFileType = sourcecode.swift; path = ViewController.swift; sourceTree = "<group>"; };
		33073C1E29DC237C0004A4EE /* Base */ = {isa = PBXFileReference; lastKnownFileType = file.storyboard; name = Base; path = Base.lproj/Main.storyboard; sourceTree = "<group>"; };
		33073C2029DC237D0004A4EE /* Assets.xcassets */ = {isa = PBXFileReference; lastKnownFileType = folder.assetcatalog; path = Assets.xcassets; sourceTree = "<group>"; };
		33073C2329DC237D0004A4EE /* Base */ = {isa = PBXFileReference; lastKnownFileType = file.storyboard; name = Base; path = Base.lproj/LaunchScreen.storyboard; sourceTree = "<group>"; };
		33073C2529DC237D0004A4EE /* Info.plist */ = {isa = PBXFileReference; lastKnownFileType = text.plist.xml; path = Info.plist; sourceTree = "<group>"; };
		33073C2A29DC237E0004A4EE /* ClockAppSBTests.xctest */ = {isa = PBXFileReference; explicitFileType = wrapper.cfbundle; includeInIndex = 0; path = ClockAppSBTests.xctest; sourceTree = BUILT_PRODUCTS_DIR; };
		33073C2E29DC237E0004A4EE /* ClockAppSBTests.swift */ = {isa = PBXFileReference; lastKnownFileType = sourcecode.swift; path = ClockAppSBTests.swift; sourceTree = "<group>"; };
		33073C3429DC237E0004A4EE /* ClockAppSBUITests.xctest */ = {isa = PBXFileReference; explicitFileType = wrapper.cfbundle; includeInIndex = 0; path = ClockAppSBUITests.xctest; sourceTree = BUILT_PRODUCTS_DIR; };
		33073C3829DC237E0004A4EE /* ClockAppSBUITests.swift */ = {isa = PBXFileReference; lastKnownFileType = sourcecode.swift; path = ClockAppSBUITests.swift; sourceTree = "<group>"; };
		33073C3A29DC237E0004A4EE /* ClockAppSBUITestsLaunchTests.swift */ = {isa = PBXFileReference; lastKnownFileType = sourcecode.swift; path = ClockAppSBUITestsLaunchTests.swift; sourceTree = "<group>"; };
/* End PBXFileReference section */

/* Begin PBXFrameworksBuildPhase section */
		33073C1129DC237C0004A4EE /* Frameworks */ = {
			isa = PBXFrameworksBuildPhase;
			buildActionMask = 2147483647;
			files = (
			);
			runOnlyForDeploymentPostprocessing = 0;
		};
		33073C2729DC237E0004A4EE /* Frameworks */ = {
			isa = PBXFrameworksBuildPhase;
			buildActionMask = 2147483647;
			files = (
			);
			runOnlyForDeploymentPostprocessing = 0;
		};
		33073C3129DC237E0004A4EE /* Frameworks */ = {
			isa = PBXFrameworksBuildPhase;
			buildActionMask = 2147483647;
			files = (
			);
			runOnlyForDeploymentPostprocessing = 0;
		};
/* End PBXFrameworksBuildPhase section */

/* Begin PBXGroup section */
		33073C0B29DC237B0004A4EE = {
			isa = PBXGroup;
			children = (
				33073C1629DC237C0004A4EE /* ClockAppSB */,
				33073C2D29DC237E0004A4EE /* ClockAppSBTests */,
				33073C3729DC237E0004A4EE /* ClockAppSBUITests */,
				33073C1529DC237C0004A4EE /* Products */,
			);
			sourceTree = "<group>";
		};
		33073C1529DC237C0004A4EE /* Products */ = {
			isa = PBXGroup;
			children = (
				33073C1429DC237C0004A4EE /* ClockAppSB.app */,
				33073C2A29DC237E0004A4EE /* ClockAppSBTests.xctest */,
				33073C3429DC237E0004A4EE /* ClockAppSBUITests.xctest */,
			);
			name = Products;
			sourceTree = "<group>";
		};
		33073C1629DC237C0004A4EE /* ClockAppSB */ = {
			isa = PBXGroup;
			children = (
				33073C1729DC237C0004A4EE /* AppDelegate.swift */,
				33073C1929DC237C0004A4EE /* SceneDelegate.swift */,
				33073C1B29DC237C0004A4EE /* ViewController.swift */,
				33073C1D29DC237C0004A4EE /* Main.storyboard */,
				33073C2029DC237D0004A4EE /* Assets.xcassets */,
				33073C2229DC237D0004A4EE /* LaunchScreen.storyboard */,
				33073C2529DC237D0004A4EE /* Info.plist */,
			);
			path = ClockAppSB;
			sourceTree = "<group>";
		};
		33073C2D29DC237E0004A4EE /* ClockAppSBTests */ = {
			isa = PBXGroup;
			children = (
				33073C2E29DC237E0004A4EE /* ClockAppSBTests.swift */,
			);
			path = ClockAppSBTests;
			sourceTree = "<group>";
		};
		33073C3729DC237E0004A4EE /* ClockAppSBUITests */ = {
			isa = PBXGroup;
			children = (
				33073C3829DC237E0004A4EE /* ClockAppSBUITests.swift */,
				33073C3A29DC237E0004A4EE /* ClockAppSBUITestsLaunchTests.swift */,
			);
			path = ClockAppSBUITests;
			sourceTree = "<group>";
		};
/* End PBXGroup section */

/* Begin PBXNativeTarget section */
		33073C1329DC237C0004A4EE /* ClockAppSB */ = {
			isa = PBXNativeTarget;
			buildConfigurationList = 33073C3E29DC237E0004A4EE /* Build configuration list for PBXNativeTarget "ClockAppSB" */;
			buildPhases = (
				33073C1029DC237C0004A4EE /* Sources */,
				33073C1129DC237C0004A4EE /* Frameworks */,
				33073C1229DC237C0004A4EE /* Resources */,
			);
			buildRules = (
			);
			dependencies = (
			);
			name = ClockAppSB;
			productName = ClockAppSB;
			productReference = 33073C1429DC237C0004A4EE /* ClockAppSB.app */;
			productType = "com.apple.product-type.application";
		};
		33073C2929DC237E0004A4EE /* ClockAppSBTests */ = {
			isa = PBXNativeTarget;
			buildConfigurationList = 33073C4129DC237E0004A4EE /* Build configuration list for PBXNativeTarget "ClockAppSBTests" */;
			buildPhases = (
				33073C2629DC237E0004A4EE /* Sources */,
				33073C2729DC237E0004A4EE /* Frameworks */,
				33073C2829DC237E0004A4EE /* Resources */,
			);
			buildRules = (
			);
			dependencies = (
				33073C2C29DC237E0004A4EE /* PBXTargetDependency */,
			);
			name = ClockAppSBTests;
			productName = ClockAppSBTests;
			productReference = 33073C2A29DC237E0004A4EE /* ClockAppSBTests.xctest */;
			productType = "com.apple.product-type.bundle.unit-test";
		};
		33073C3329DC237E0004A4EE /* ClockAppSBUITests */ = {
			isa = PBXNativeTarget;
			buildConfigurationList = 33073C4429DC237E0004A4EE /* Build configuration list for PBXNativeTarget "ClockAppSBUITests" */;
			buildPhases = (
				33073C3029DC237E0004A4EE /* Sources */,
				33073C3129DC237E0004A4EE /* Frameworks */,
				33073C3229DC237E0004A4EE /* Resources */,
			);
			buildRules = (
			);
			dependencies = (
				33073C3629DC237E0004A4EE /* PBXTargetDependency */,
			);
			name = ClockAppSBUITests;
			productName = ClockAppSBUITests;
			productReference = 33073C3429DC237E0004A4EE /* ClockAppSBUITests.xctest */;
			productType = "com.apple.product-type.bundle.ui-testing";
		};
/* End PBXNativeTarget section */

/* Begin PBXProject section */
		33073C0C29DC237B0004A4EE /* Project object */ = {
			isa = PBXProject;
			attributes = {
				BuildIndependentTargetsInParallel = 1;
				LastSwiftUpdateCheck = 1430;
				LastUpgradeCheck = 1430;
				TargetAttributes = {
					33073C1329DC237C0004A4EE = {
						CreatedOnToolsVersion = 14.3;
					};
					33073C2929DC237E0004A4EE = {
						CreatedOnToolsVersion = 14.3;
						TestTargetID = 33073C1329DC237C0004A4EE;
					};
					33073C3329DC237E0004A4EE = {
						CreatedOnToolsVersion = 14.3;
						TestTargetID = 33073C1329DC237C0004A4EE;
					};
				};
			};
			buildConfigurationList = 33073C0F29DC237B0004A4EE /* Build configuration list for PBXProject "ClockAppSB" */;
			compatibilityVersion = "Xcode 14.0";
			developmentRegion = en;
			hasScannedForEncodings = 0;
			knownRegions = (
				en,
				Base,
			);
			mainGroup = 33073C0B29DC237B0004A4EE;
			productRefGroup = 33073C1529DC237C0004A4EE /* Products */;
			projectDirPath = "";
			projectRoot = "";
			targets = (
				33073C1329DC237C0004A4EE /* ClockAppSB */,
				33073C2929DC237E0004A4EE /* ClockAppSBTests */,
				33073C3329DC237E0004A4EE /* ClockAppSBUITests */,
			);
		};
/* End PBXProject section */

/* Begin PBXResourcesBuildPhase section */
		33073C1229DC237C0004A4EE /* Resources */ = {
			isa = PBXResourcesBuildPhase;
			buildActionMask = 2147483647;
			files = (
				33073C2429DC237D0004A4EE /* LaunchScreen.storyboard in Resources */,
				33073C2129DC237D0004A4EE /* Assets.xcassets in Resources */,
				33073C1F29DC237C0004A4EE /* Main.storyboard in Resources */,
			);
			runOnlyForDeploymentPostprocessing = 0;
		};
		33073C2829DC237E0004A4EE /* Resources */ = {
			isa = PBXResourcesBuildPhase;
			buildActionMask = 2147483647;
			files = (
			);
			runOnlyForDeploymentPostprocessing = 0;
		};
		33073C3229DC237E0004A4EE /* Resources */ = {
			isa = PBXResourcesBuildPhase;
			buildActionMask = 2147483647;
			files = (
			);
			runOnlyForDeploymentPostprocessing = 0;
		};
/* End PBXResourcesBuildPhase section */

/* Begin PBXSourcesBuildPhase section */
		33073C1029DC237C0004A4EE /* Sources */ = {
			isa = PBXSourcesBuildPhase;
			buildActionMask = 2147483647;
			files = (
				33073C1C29DC237C0004A4EE /* ViewController.swift in Sources */,
				33073C1829DC237C0004A4EE /* AppDelegate.swift in Sources */,
				33073C1A29DC237C0004A4EE /* SceneDelegate.swift in Sources */,
			);
			runOnlyForDeploymentPostprocessing = 0;
		};
		33073C2629DC237E0004A4EE /* Sources */ = {
			isa = PBXSourcesBuildPhase;
			buildActionMask = 2147483647;
			files = (
				33073C2F29DC237E0004A4EE /* ClockAppSBTests.swift in Sources */,
			);
			runOnlyForDeploymentPostprocessing = 0;
		};
		33073C3029DC237E0004A4EE /* Sources */ = {
			isa = PBXSourcesBuildPhase;
			buildActionMask = 2147483647;
			files = (
				33073C3B29DC237E0004A4EE /* ClockAppSBUITestsLaunchTests.swift in Sources */,
				33073C3929DC237E0004A4EE /* ClockAppSBUITests.swift in Sources */,
			);
			runOnlyForDeploymentPostprocessing = 0;
		};
/* End PBXSourcesBuildPhase section */

/* Begin PBXTargetDependency section */
		33073C2C29DC237E0004A4EE /* PBXTargetDependency */ = {
			isa = PBXTargetDependency;
			target = 33073C1329DC237C0004A4EE /* ClockAppSB */;
			targetProxy = 33073C2B29DC237E0004A4EE /* PBXContainerItemProxy */;
		};
		33073C3629DC237E0004A4EE /* PBXTargetDependency */ = {
			isa = PBXTargetDependency;
			target = 33073C1329DC237C0004A4EE /* ClockAppSB */;
			targetProxy = 33073C3529DC237E0004A4EE /* PBXContainerItemProxy */;
		};
/* End PBXTargetDependency section */

/* Begin PBXVariantGroup section */
		33073C1D29DC237C0004A4EE /* Main.storyboard */ = {
			isa = PBXVariantGroup;
			children = (
				33073C1E29DC237C0004A4EE /* Base */,
			);
			name = Main.storyboard;
			sourceTree = "<group>";
		};
		33073C2229DC237D0004A4EE /* LaunchScreen.storyboard */ = {
			isa = PBXVariantGroup;
			children = (
				33073C2329DC237D0004A4EE /* Base */,
			);
			name = LaunchScreen.storyboard;
			sourceTree = "<group>";
		};
/* End PBXVariantGroup section */

/* Begin XCBuildConfiguration section */
		33073C3C29DC237E0004A4EE /* Debug */ = {
			isa = XCBuildConfiguration;
			buildSettings = {
				ALWAYS_SEARCH_USER_PATHS = NO;
				CLANG_ANALYZER_NONNULL = YES;
				CLANG_ANALYZER_NUMBER_OBJECT_CONVERSION = YES_AGGRESSIVE;
				CLANG_CXX_LANGUAGE_STANDARD = "gnu++20";
				CLANG_ENABLE_MODULES = YES;
				CLANG_ENABLE_OBJC_ARC = YES;
				CLANG_ENABLE_OBJC_WEAK = YES;
				CLANG_WARN_BLOCK_CAPTURE_AUTORELEASING = YES;
				CLANG_WARN_BOOL_CONVERSION = YES;
				CLANG_WARN_COMMA = YES;
				CLANG_WARN_CONSTANT_CONVERSION = YES;
				CLANG_WARN_DEPRECATED_OBJC_IMPLEMENTATIONS = YES;
				CLANG_WARN_DIRECT_OBJC_ISA_USAGE = YES_ERROR;
				CLANG_WARN_DOCUMENTATION_COMMENTS = YES;
				CLANG_WARN_EMPTY_BODY = YES;
				CLANG_WARN_ENUM_CONVERSION = YES;
				CLANG_WARN_INFINITE_RECURSION = YES;
				CLANG_WARN_INT_CONVERSION = YES;
				CLANG_WARN_NON_LITERAL_NULL_CONVERSION = YES;
				CLANG_WARN_OBJC_IMPLICIT_RETAIN_SELF = YES;
				CLANG_WARN_OBJC_LITERAL_CONVERSION = YES;
				CLANG_WARN_OBJC_ROOT_CLASS = YES_ERROR;
				CLANG_WARN_QUOTED_INCLUDE_IN_FRAMEWORK_HEADER = YES;
				CLANG_WARN_RANGE_LOOP_ANALYSIS = YES;
				CLANG_WARN_STRICT_PROTOTYPES = YES;
				CLANG_WARN_SUSPICIOUS_MOVE = YES;
				CLANG_WARN_UNGUARDED_AVAILABILITY = YES_AGGRESSIVE;
				CLANG_WARN_UNREACHABLE_CODE = YES;
				CLANG_WARN__DUPLICATE_METHOD_MATCH = YES;
				COPY_PHASE_STRIP = NO;
				DEBUG_INFORMATION_FORMAT = dwarf;
				ENABLE_STRICT_OBJC_MSGSEND = YES;
				ENABLE_TESTABILITY = YES;
				GCC_C_LANGUAGE_STANDARD = gnu11;
				GCC_DYNAMIC_NO_PIC = NO;
				GCC_NO_COMMON_BLOCKS = YES;
				GCC_OPTIMIZATION_LEVEL = 0;
				GCC_PREPROCESSOR_DEFINITIONS = (
					"DEBUG=1",
					"$(inherited)",
				);
				GCC_WARN_64_TO_32_BIT_CONVERSION = YES;
				GCC_WARN_ABOUT_RETURN_TYPE = YES_ERROR;
				GCC_WARN_UNDECLARED_SELECTOR = YES;
				GCC_WARN_UNINITIALIZED_AUTOS = YES_AGGRESSIVE;
				GCC_WARN_UNUSED_FUNCTION = YES;
				GCC_WARN_UNUSED_VARIABLE = YES;
				IPHONEOS_DEPLOYMENT_TARGET = 16.4;
				MTL_ENABLE_DEBUG_INFO = INCLUDE_SOURCE;
				MTL_FAST_MATH = YES;
				ONLY_ACTIVE_ARCH = YES;
				SDKROOT = iphoneos;
				SWIFT_ACTIVE_COMPILATION_CONDITIONS = DEBUG;
				SWIFT_OPTIMIZATION_LEVEL = "-Onone";
			};
			name = Debug;
		};
		33073C3D29DC237E0004A4EE /* Release */ = {
			isa = XCBuildConfiguration;
			buildSettings = {
				ALWAYS_SEARCH_USER_PATHS = NO;
				CLANG_ANALYZER_NONNULL = YES;
				CLANG_ANALYZER_NUMBER_OBJECT_CONVERSION = YES_AGGRESSIVE;
				CLANG_CXX_LANGUAGE_STANDARD = "gnu++20";
				CLANG_ENABLE_MODULES = YES;
				CLANG_ENABLE_OBJC_ARC = YES;
				CLANG_ENABLE_OBJC_WEAK = YES;
				CLANG_WARN_BLOCK_CAPTURE_AUTORELEASING = YES;
				CLANG_WARN_BOOL_CONVERSION = YES;
				CLANG_WARN_COMMA = YES;
				CLANG_WARN_CONSTANT_CONVERSION = YES;
				CLANG_WARN_DEPRECATED_OBJC_IMPLEMENTATIONS = YES;
				CLANG_WARN_DIRECT_OBJC_ISA_USAGE = YES_ERROR;
				CLANG_WARN_DOCUMENTATION_COMMENTS = YES;
				CLANG_WARN_EMPTY_BODY = YES;
				CLANG_WARN_ENUM_CONVERSION = YES;
				CLANG_WARN_INFINITE_RECURSION = YES;
				CLANG_WARN_INT_CONVERSION = YES;
				CLANG_WARN_NON_LITERAL_NULL_CONVERSION = YES;
				CLANG_WARN_OBJC_IMPLICIT_RETAIN_SELF = YES;
				CLANG_WARN_OBJC_LITERAL_CONVERSION = YES;
				CLANG_WARN_OBJC_ROOT_CLASS = YES_ERROR;
				CLANG_WARN_QUOTED_INCLUDE_IN_FRAMEWORK_HEADER = YES;
				CLANG_WARN_RANGE_LOOP_ANALYSIS = YES;
				CLANG_WARN_STRICT_PROTOTYPES = YES;
				CLANG_WARN_SUSPICIOUS_MOVE = YES;
				CLANG_WARN_UNGUARDED_AVAILABILITY = YES_AGGRESSIVE;
				CLANG_WARN_UNREACHABLE_CODE = YES;
				CLANG_WARN__DUPLICATE_METHOD_MATCH = YES;
				COPY_PHASE_STRIP = NO;
				DEBUG_INFORMATION_FORMAT = "dwarf-with-dsym";
				ENABLE_NS_ASSERTIONS = NO;
				ENABLE_STRICT_OBJC_MSGSEND = YES;
				GCC_C_LANGUAGE_STANDARD = gnu11;
				GCC_NO_COMMON_BLOCKS = YES;
				GCC_WARN_64_TO_32_BIT_CONVERSION = YES;
				GCC_WARN_ABOUT_RETURN_TYPE = YES_ERROR;
				GCC_WARN_UNDECLARED_SELECTOR = YES;
				GCC_WARN_UNINITIALIZED_AUTOS = YES_AGGRESSIVE;
				GCC_WARN_UNUSED_FUNCTION = YES;
				GCC_WARN_UNUSED_VARIABLE = YES;
				IPHONEOS_DEPLOYMENT_TARGET = 16.4;
				MTL_ENABLE_DEBUG_INFO = NO;
				MTL_FAST_MATH = YES;
				SDKROOT = iphoneos;
				SWIFT_COMPILATION_MODE = wholemodule;
				SWIFT_OPTIMIZATION_LEVEL = "-O";
				VALIDATE_PRODUCT = YES;
			};
			name = Release;
		};
		33073C3F29DC237E0004A4EE /* Debug */ = {
			isa = XCBuildConfiguration;
			buildSettings = {
				ASSETCATALOG_COMPILER_APPICON_NAME = AppIcon;
				ASSETCATALOG_COMPILER_GLOBAL_ACCENT_COLOR_NAME = AccentColor;
				CODE_SIGN_STYLE = Automatic;
				CURRENT_PROJECT_VERSION = 1;
				DEVELOPMENT_TEAM = 79WWGD3DV6;
				GENERATE_INFOPLIST_FILE = YES;
				INFOPLIST_FILE = ClockAppSB/Info.plist;
				INFOPLIST_KEY_UIApplicationSupportsIndirectInputEvents = YES;
				INFOPLIST_KEY_UILaunchStoryboardName = LaunchScreen;
				INFOPLIST_KEY_UIMainStoryboardFile = Main;
				INFOPLIST_KEY_UISupportedInterfaceOrientations_iPad = "UIInterfaceOrientationPortrait UIInterfaceOrientationPortraitUpsideDown UIInterfaceOrientationLandscapeLeft UIInterfaceOrientationLandscapeRight";
				INFOPLIST_KEY_UISupportedInterfaceOrientations_iPhone = "UIInterfaceOrientationPortrait UIInterfaceOrientationLandscapeLeft UIInterfaceOrientationLandscapeRight";
				LD_RUNPATH_SEARCH_PATHS = (
					"$(inherited)",
					"@executable_path/Frameworks",
				);
				MARKETING_VERSION = 1.0;
				PRODUCT_BUNDLE_IDENTIFIER = FU.ClockAppSB;
				PRODUCT_NAME = "$(TARGET_NAME)";
				SWIFT_EMIT_LOC_STRINGS = YES;
				SWIFT_VERSION = 5.0;
				TARGETED_DEVICE_FAMILY = "1,2";
			};
			name = Debug;
		};
		33073C4029DC237E0004A4EE /* Release */ = {
			isa = XCBuildConfiguration;
			buildSettings = {
				ASSETCATALOG_COMPILER_APPICON_NAME = AppIcon;
				ASSETCATALOG_COMPILER_GLOBAL_ACCENT_COLOR_NAME = AccentColor;
				CODE_SIGN_STYLE = Automatic;
				CURRENT_PROJECT_VERSION = 1;
				DEVELOPMENT_TEAM = 79WWGD3DV6;
				GENERATE_INFOPLIST_FILE = YES;
				INFOPLIST_FILE = ClockAppSB/Info.plist;
				INFOPLIST_KEY_UIApplicationSupportsIndirectInputEvents = YES;
				INFOPLIST_KEY_UILaunchStoryboardName = LaunchScreen;
				INFOPLIST_KEY_UIMainStoryboardFile = Main;
				INFOPLIST_KEY_UISupportedInterfaceOrientations_iPad = "UIInterfaceOrientationPortrait UIInterfaceOrientationPortraitUpsideDown UIInterfaceOrientationLandscapeLeft UIInterfaceOrientationLandscapeRight";
				INFOPLIST_KEY_UISupportedInterfaceOrientations_iPhone = "UIInterfaceOrientationPortrait UIInterfaceOrientationLandscapeLeft UIInterfaceOrientationLandscapeRight";
				LD_RUNPATH_SEARCH_PATHS = (
					"$(inherited)",
					"@executable_path/Frameworks",
				);
				MARKETING_VERSION = 1.0;
				PRODUCT_BUNDLE_IDENTIFIER = FU.ClockAppSB;
				PRODUCT_NAME = "$(TARGET_NAME)";
				SWIFT_EMIT_LOC_STRINGS = YES;
				SWIFT_VERSION = 5.0;
				TARGETED_DEVICE_FAMILY = "1,2";
			};
			name = Release;
		};
		33073C4229DC237E0004A4EE /* Debug */ = {
			isa = XCBuildConfiguration;
			buildSettings = {
				ALWAYS_EMBED_SWIFT_STANDARD_LIBRARIES = YES;
				BUNDLE_LOADER = "$(TEST_HOST)";
				CODE_SIGN_STYLE = Automatic;
				CURRENT_PROJECT_VERSION = 1;
				DEVELOPMENT_TEAM = 79WWGD3DV6;
				GENERATE_INFOPLIST_FILE = YES;
				IPHONEOS_DEPLOYMENT_TARGET = 16.4;
				MARKETING_VERSION = 1.0;
				PRODUCT_BUNDLE_IDENTIFIER = FU.ClockAppSBTests;
				PRODUCT_NAME = "$(TARGET_NAME)";
				SWIFT_EMIT_LOC_STRINGS = NO;
				SWIFT_VERSION = 5.0;
				TARGETED_DEVICE_FAMILY = "1,2";
				TEST_HOST = "$(BUILT_PRODUCTS_DIR)/ClockAppSB.app/$(BUNDLE_EXECUTABLE_FOLDER_PATH)/ClockAppSB";
			};
			name = Debug;
		};
		33073C4329DC237E0004A4EE /* Release */ = {
			isa = XCBuildConfiguration;
			buildSettings = {
				ALWAYS_EMBED_SWIFT_STANDARD_LIBRARIES = YES;
				BUNDLE_LOADER = "$(TEST_HOST)";
				CODE_SIGN_STYLE = Automatic;
				CURRENT_PROJECT_VERSION = 1;
				DEVELOPMENT_TEAM = 79WWGD3DV6;
				GENERATE_INFOPLIST_FILE = YES;
				IPHONEOS_DEPLOYMENT_TARGET = 16.4;
				MARKETING_VERSION = 1.0;
				PRODUCT_BUNDLE_IDENTIFIER = FU.ClockAppSBTests;
				PRODUCT_NAME = "$(TARGET_NAME)";
				SWIFT_EMIT_LOC_STRINGS = NO;
				SWIFT_VERSION = 5.0;
				TARGETED_DEVICE_FAMILY = "1,2";
				TEST_HOST = "$(BUILT_PRODUCTS_DIR)/ClockAppSB.app/$(BUNDLE_EXECUTABLE_FOLDER_PATH)/ClockAppSB";
			};
			name = Release;
		};
		33073C4529DC237E0004A4EE /* Debug */ = {
			isa = XCBuildConfiguration;
			buildSettings = {
				ALWAYS_EMBED_SWIFT_STANDARD_LIBRARIES = YES;
				CODE_SIGN_STYLE = Automatic;
				CURRENT_PROJECT_VERSION = 1;
				DEVELOPMENT_TEAM = 79WWGD3DV6;
				GENERATE_INFOPLIST_FILE = YES;
				MARKETING_VERSION = 1.0;
				PRODUCT_BUNDLE_IDENTIFIER = FU.ClockAppSBUITests;
				PRODUCT_NAME = "$(TARGET_NAME)";
				SWIFT_EMIT_LOC_STRINGS = NO;
				SWIFT_VERSION = 5.0;
				TARGETED_DEVICE_FAMILY = "1,2";
				TEST_TARGET_NAME = ClockAppSB;
			};
			name = Debug;
		};
		33073C4629DC237E0004A4EE /* Release */ = {
			isa = XCBuildConfiguration;
			buildSettings = {
				ALWAYS_EMBED_SWIFT_STANDARD_LIBRARIES = YES;
				CODE_SIGN_STYLE = Automatic;
				CURRENT_PROJECT_VERSION = 1;
				DEVELOPMENT_TEAM = 79WWGD3DV6;
				GENERATE_INFOPLIST_FILE = YES;
				MARKETING_VERSION = 1.0;
				PRODUCT_BUNDLE_IDENTIFIER = FU.ClockAppSBUITests;
				PRODUCT_NAME = "$(TARGET_NAME)";
				SWIFT_EMIT_LOC_STRINGS = NO;
				SWIFT_VERSION = 5.0;
				TARGETED_DEVICE_FAMILY = "1,2";
				TEST_TARGET_NAME = ClockAppSB;
			};
			name = Release;
		};
/* End XCBuildConfiguration section */

/* Begin XCConfigurationList section */
		33073C0F29DC237B0004A4EE /* Build configuration list for PBXProject "ClockAppSB" */ = {
			isa = XCConfigurationList;
			buildConfigurations = (
				33073C3C29DC237E0004A4EE /* Debug */,
				33073C3D29DC237E0004A4EE /* Release */,
			);
			defaultConfigurationIsVisible = 0;
			defaultConfigurationName = Release;
		};
		33073C3E29DC237E0004A4EE /* Build configuration list for PBXNativeTarget "ClockAppSB" */ = {
			isa = XCConfigurationList;
			buildConfigurations = (
				33073C3F29DC237E0004A4EE /* Debug */,
				33073C4029DC237E0004A4EE /* Release */,
			);
			defaultConfigurationIsVisible = 0;
			defaultConfigurationName = Release;
		};
		33073C4129DC237E0004A4EE /* Build configuration list for PBXNativeTarget "ClockAppSBTests" */ = {
			isa = XCConfigurationList;
			buildConfigurations = (
				33073C4229DC237E0004A4EE /* Debug */,
				33073C4329DC237E0004A4EE /* Release */,
			);
			defaultConfigurationIsVisible = 0;
			defaultConfigurationName = Release;
		};
		33073C4429DC237E0004A4EE /* Build configuration list for PBXNativeTarget "ClockAppSBUITests" */ = {
			isa = XCConfigurationList;
			buildConfigurations = (
				33073C4529DC237E0004A4EE /* Debug */,
				33073C4629DC237E0004A4EE /* Release */,
			);
			defaultConfigurationIsVisible = 0;
			defaultConfigurationName = Release;
		};
/* End XCConfigurationList section */
	};
	rootObject = 33073C0C29DC237B0004A4EE /* Project object */;
}
